{
  "projects": [
    {
      "projectId": "seaQhLVS4bbjiGvJJrRwyL",
      "version": "15.0.3",
      "dependencies": {},
      "lang": "js",
      "fileLocks": [
        {
          "assetId": "seaQhLVS4bbjiGvJJrRwyL",
          "type": "projectCss",
          "checksum": "26794d6f8d5173a48bf20eb6ded6dfc6"
        }
      ]
    },
    {
      "projectId": "uW8gvugjoKeK9SUGHJ1xTT",
      "version": "latest",
      "dependencies": {
        "seaQhLVS4bbjiGvJJrRwyL": "15.0.3"
      },
      "lang": "js",
      "fileLocks": [
        {
          "type": "globalVariant",
          "assetId": "NAsWZYTl_UgH",
          "checksum": "f06a42acfea0478ce443d41ed3ee6069"
        },
        {
          "assetId": "uW8gvugjoKeK9SUGHJ1xTT",
          "type": "projectCss",
          "checksum": "5c50eedc60019cb463bd2a5e65b4603f"
        },
        {
          "type": "renderModule",
          "assetId": "sVrq7sGduHG",
          "checksum": "cb93e930c11144cb2f84d9b5ff75a374"
        },
        {
          "type": "cssRules",
          "assetId": "sVrq7sGduHG",
          "checksum": "cb93e930c11144cb2f84d9b5ff75a374"
        },
        {
          "type": "renderModule",
          "assetId": "gPrHOznRr3n",
          "checksum": "81668b91f7af8315ca0684f252ebf045"
        },
        {
          "type": "cssRules",
          "assetId": "gPrHOznRr3n",
          "checksum": "81668b91f7af8315ca0684f252ebf045"
        },
        {
          "type": "renderModule",
          "assetId": "yCdWSm9bT4c",
          "checksum": "8b3f69ffaf9869bfb9124709874e9f97"
        },
        {
          "type": "cssRules",
          "assetId": "yCdWSm9bT4c",
          "checksum": "8b3f69ffaf9869bfb9124709874e9f97"
        },
        {
          "type": "renderModule",
          "assetId": "EvWfZZMoCyf",
          "checksum": "a4af7cd8e3ec2162e9848e95cd7b6037"
        },
        {
          "type": "cssRules",
          "assetId": "EvWfZZMoCyf",
          "checksum": "a4af7cd8e3ec2162e9848e95cd7b6037"
        },
        {
          "type": "renderModule",
          "assetId": "ybO3af6rEZK",
          "checksum": "974603d704e72e2d222b1643bca812cc"
        },
        {
          "type": "cssRules",
          "assetId": "ybO3af6rEZK",
          "checksum": "974603d704e72e2d222b1643bca812cc"
        },
        {
          "type": "renderModule",
          "assetId": "Cdz9E6C5eqt",
          "checksum": "5ab0a3c20c22a57c9e0b33a9a32043a0"
        },
        {
          "type": "cssRules",
          "assetId": "Cdz9E6C5eqt",
          "checksum": "5ab0a3c20c22a57c9e0b33a9a32043a0"
        },
        {
          "type": "renderModule",
          "assetId": "irCuPNUhdayo",
          "checksum": "8a85e8849705c60812d97e938dd9448d"
        },
        {
          "type": "cssRules",
          "assetId": "irCuPNUhdayo",
          "checksum": "8a85e8849705c60812d97e938dd9448d"
        },
        {
          "type": "renderModule",
          "assetId": "dN8CsIrlz65P",
          "checksum": "c04294666350854f54916a1cf1137743"
        },
        {
          "type": "cssRules",
          "assetId": "dN8CsIrlz65P",
          "checksum": "c04294666350854f54916a1cf1137743"
        },
        {
          "type": "renderModule",
          "assetId": "TEZgplsYLNmn",
          "checksum": "cc1b5277bbb5e66e785a4806b121ccfd"
        },
        {
          "type": "cssRules",
          "assetId": "TEZgplsYLNmn",
          "checksum": "cc1b5277bbb5e66e785a4806b121ccfd"
        },
        {
          "type": "renderModule",
          "assetId": "TTYQJW7O72dX",
          "checksum": "7b5dfb4033adbed981575876ac2b9702"
        },
        {
          "type": "cssRules",
          "assetId": "TTYQJW7O72dX",
          "checksum": "7b5dfb4033adbed981575876ac2b9702"
        },
        {
          "type": "renderModule",
          "assetId": "cZk-YWK9d3La",
          "checksum": "e23cbba5d384d082a4c6019357c5de1e"
        },
        {
          "type": "cssRules",
          "assetId": "cZk-YWK9d3La",
          "checksum": "e23cbba5d384d082a4c6019357c5de1e"
        },
        {
          "type": "renderModule",
          "assetId": "tBYf55tBsR9m",
          "checksum": "3cf776976ece074bed669479e37f2a90"
        },
        {
          "type": "cssRules",
          "assetId": "tBYf55tBsR9m",
          "checksum": "3cf776976ece074bed669479e37f2a90"
        },
        {
          "type": "renderModule",
          "assetId": "o-5CrmorLrDo",
          "checksum": "3a0472c3da11f5b9aa8d9fc89d7e4856"
        },
        {
          "type": "cssRules",
          "assetId": "o-5CrmorLrDo",
          "checksum": "3a0472c3da11f5b9aa8d9fc89d7e4856"
        },
        {
          "type": "renderModule",
          "assetId": "1Nqmx1LZNoOe",
          "checksum": "efdfa059ea4b85843fee4ae5673ee6a3"
        },
        {
          "type": "cssRules",
          "assetId": "1Nqmx1LZNoOe",
          "checksum": "efdfa059ea4b85843fee4ae5673ee6a3"
        },
        {
          "type": "renderModule",
          "assetId": "I7zVpEE0OwAe",
          "checksum": "beeb4bc373919907a7e1610561d9a865"
        },
        {
          "type": "cssRules",
          "assetId": "I7zVpEE0OwAe",
          "checksum": "beeb4bc373919907a7e1610561d9a865"
        },
        {
          "type": "renderModule",
          "assetId": "gebML7xSHzTG",
          "checksum": "05f689fb8e0aa6bf368d607c703dfc65"
        },
        {
          "type": "cssRules",
          "assetId": "gebML7xSHzTG",
          "checksum": "05f689fb8e0aa6bf368d607c703dfc65"
        },
        {
          "type": "renderModule",
          "assetId": "SwBTk4bUPNYv",
          "checksum": "7170cc17486c2b08b67b22daaca15c97"
        },
        {
          "type": "cssRules",
          "assetId": "SwBTk4bUPNYv",
          "checksum": "7170cc17486c2b08b67b22daaca15c97"
        },
        {
          "type": "icon",
          "assetId": "YeOdxYamEIAn",
          "checksum": "679654f8cfdbaf1b37b56e99683402e9"
        },
        {
          "type": "icon",
          "assetId": "71nZrBTPy7pI",
          "checksum": "9822a5f0418f314f1156892aa608b415"
        },
        {
          "type": "icon",
          "assetId": "ZGQRheiq9zwG",
          "checksum": "bdcd2e8632722dc5dec2b6908d3a92d1"
        },
        {
          "type": "icon",
          "assetId": "NGO51tDNfSje",
          "checksum": "54b3098a4225aef98a0505b905581182"
        },
        {
          "type": "icon",
          "assetId": "9c44qOsIkW6_",
          "checksum": "d11728e0aa9ca141e635329ed1571f74"
        },
        {
          "type": "icon",
          "assetId": "GwKdlouE9MEq",
          "checksum": "daa48ebb0f208f774db8a39f17475c70"
        },
        {
          "type": "icon",
          "assetId": "46p1SRSXdgQh",
          "checksum": "47959193d685f7af7da346610c6945d7"
        },
        {
          "type": "icon",
          "assetId": "Z4N75c5X_E8k",
          "checksum": "22d83221d3b83434bdf683cef0d42774"
        },
        {
          "type": "icon",
          "assetId": "Lcc6emRWQZ6S",
          "checksum": "2a6d7ac9d8ba01c632174e35a4fcc861"
        },
        {
          "type": "icon",
          "assetId": "HS6OuM56A4Yi",
          "checksum": "995af966952d40b769ed379c13cc8e2c"
        },
        {
          "type": "icon",
          "assetId": "-_lxxL8JxUPB",
          "checksum": "8da3fd7d6797a723ab7c141821e48771"
        },
        {
          "type": "icon",
          "assetId": "ol6BvgoVd1RL",
          "checksum": "3dd3a9a23a14601e734046e5c6404cff"
        },
        {
          "type": "icon",
          "assetId": "VKrb2dSCqDND",
          "checksum": "d7c787baadbd77584b0ba4aa70024eeb"
        },
        {
          "type": "icon",
          "assetId": "k6rl-gos7D6O",
          "checksum": "00b8c81e83cf2d667ee37ea186a21c68"
        },
        {
          "type": "icon",
          "assetId": "OXWS_3oJatpH",
          "checksum": "708bfb469d62b02165b73e164773b111"
        },
        {
          "type": "icon",
          "assetId": "lyNA5eY8YHC5",
          "checksum": "e37d806418118c24ecebc7f2bde0b2c3"
        },
        {
          "type": "icon",
          "assetId": "VV2tkR8wNlsQ",
          "checksum": "652c4a13af0bcf553ec6595b65f034f2"
        },
        {
          "type": "icon",
          "assetId": "KFnZDDaxxLHw",
          "checksum": "6e92bcee281eb29ed3a27ba096c37435"
        },
        {
          "type": "icon",
          "assetId": "WrE0xvManO4T",
          "checksum": "bcf069d45546a87b5648b91fc5e56a1f"
        },
        {
          "type": "icon",
          "assetId": "avmT2ajzT5Xl",
          "checksum": "5ca768214b97f18c0c82f240fbf0a4b0"
        },
        {
          "type": "icon",
          "assetId": "Ubz6yvSpO_rh",
          "checksum": "1ce78b6c505754d2ef0e731603450d7e"
        },
        {
          "type": "icon",
          "assetId": "RAyjftQ6reZd",
          "checksum": "50b15f04d09d9e7999f79039a245528f"
        },
        {
          "type": "image",
          "assetId": "VH_sH4MH4yDE",
          "checksum": "8e38998d0dc05104c44868e131657f90"
        },
        {
          "type": "image",
          "assetId": "dZ42uNULfh6h",
          "checksum": "315effaf5d1e89c32c22dfde0ae4a612"
        },
        {
          "type": "image",
          "assetId": "KnqLFU13C8bn",
          "checksum": "c4ce7d0aa1b974a0268d48dacf9b5064"
        },
        {
          "type": "image",
          "assetId": "1Jo_swuoFbft",
          "checksum": "182f0d46895541a9e1bd44162c8fce12"
        }
      ]
    }
  ],
  "cliVersion": "0.1.166"
}
